
Microsoft Visual Studio Solution File, Format Version 12.00
# Visual Studio 14
VisualStudioVersion = 14.0.25420.1
MinimumVisualStudioVersion = 10.0.40219.1
Project("{FAE04EC0-301F-11D3-BF4B-00C04F79EFBC}") = "WeatherService", "WeatherService\WeatherService.csproj", "{D21578DD-57B6-42AE-8937-14508F714C01}"
EndProject
Project("{FAE04EC0-301F-11D3-BF4B-00C04F79EFBC}") = "Run", "Run\Run.csproj", "{F1DC1725-0A77-401A-BBA0-A3F664397A28}"
	ProjectSection(ProjectDependencies) = postProject
		{CD28A84E-9FFC-49A3-AB97-37FE667EAC93} = {CD28A84E-9FFC-49A3-AB97-37FE667EAC93}
		{D21578DD-57B6-42AE-8937-14508F714C01} = {D21578DD-57B6-42AE-8937-14508F714C01}
	EndProjectSection
EndProject
Project("{FAE04EC0-301F-11D3-BF4B-00C04F79EFBC}") = "OpenWeatherMap.Net45", "OpenWeatherMap.Net45\OpenWeatherMap.Net45.csproj", "{2B0E4BAD-7158-4528-AD34-59CC2C109EE0}"
EndProject
Project("{FAE04EC0-301F-11D3-BF4B-00C04F79EFBC}") = "DataAccess", "Informer.DataAccess\DataAccess.csproj", "{C7823350-985E-4542-BEA6-F63E0B67E151}"
EndProject
Project("{FAE04EC0-301F-11D3-BF4B-00C04F79EFBC}") = "StorageService", "StorageService\StorageService.csproj", "{CD28A84E-9FFC-49A3-AB97-37FE667EAC93}"
EndProject
Project("{FAE04EC0-301F-11D3-BF4B-00C04F79EFBC}") = "Utils", "Informer.Utils\Utils.csproj", "{ADE21A0C-4795-4E38-8CD6-4F9612C6C3A1}"
EndProject
Project("{FAE04EC0-301F-11D3-BF4B-00C04F79EFBC}") = "QuickApp", "QuickApp\QuickApp.csproj", "{0F56EDA9-CF7F-4C49-A67B-3FCD434D4902}"
EndProject
Project("{2150E333-8FDC-42A3-9474-1A3956D46DE8}") = "UserApplications", "UserApplications", "{4CFC7A8A-6B2E-466F-AF3E-F848EDD078A8}"
EndProject
Project("{FAE04EC0-301F-11D3-BF4B-00C04F79EFBC}") = "WeatherApp", "WeatherApp\WeatherApp.csproj", "{C58D3CCD-A0AE-4EDD-BEE2-59EC44079F62}"
EndProject
Project("{FAE04EC0-301F-11D3-BF4B-00C04F79EFBC}") = "CurrencyApp", "CurrencyApp\CurrencyApp.csproj", "{938CE787-23DA-43AC-A9BF-186BC048BED4}"
EndProject
Global
	GlobalSection(SolutionConfigurationPlatforms) = preSolution
		Debug|Any CPU = Debug|Any CPU
		Release|Any CPU = Release|Any CPU
	EndGlobalSection
	GlobalSection(ProjectConfigurationPlatforms) = postSolution
		{D21578DD-57B6-42AE-8937-14508F714C01}.Debug|Any CPU.ActiveCfg = Debug|Any CPU
		{D21578DD-57B6-42AE-8937-14508F714C01}.Debug|Any CPU.Build.0 = Debug|Any CPU
		{D21578DD-57B6-42AE-8937-14508F714C01}.Release|Any CPU.ActiveCfg = Release|Any CPU
		{D21578DD-57B6-42AE-8937-14508F714C01}.Release|Any CPU.Build.0 = Release|Any CPU
		{F1DC1725-0A77-401A-BBA0-A3F664397A28}.Debug|Any CPU.ActiveCfg = Debug|Any CPU
		{F1DC1725-0A77-401A-BBA0-A3F664397A28}.Debug|Any CPU.Build.0 = Debug|Any CPU
		{F1DC1725-0A77-401A-BBA0-A3F664397A28}.Release|Any CPU.ActiveCfg = Release|Any CPU
		{F1DC1725-0A77-401A-BBA0-A3F664397A28}.Release|Any CPU.Build.0 = Release|Any CPU
		{2B0E4BAD-7158-4528-AD34-59CC2C109EE0}.Debug|Any CPU.ActiveCfg = Debug|Any CPU
		{2B0E4BAD-7158-4528-AD34-59CC2C109EE0}.Debug|Any CPU.Build.0 = Debug|Any CPU
		{2B0E4BAD-7158-4528-AD34-59CC2C109EE0}.Release|Any CPU.ActiveCfg = Release|Any CPU
		{2B0E4BAD-7158-4528-AD34-59CC2C109EE0}.Release|Any CPU.Build.0 = Release|Any CPU
		{C7823350-985E-4542-BEA6-F63E0B67E151}.Debug|Any CPU.ActiveCfg = Debug|Any CPU
		{C7823350-985E-4542-BEA6-F63E0B67E151}.Debug|Any CPU.Build.0 = Debug|Any CPU
		{C7823350-985E-4542-BEA6-F63E0B67E151}.Release|Any CPU.ActiveCfg = Release|Any CPU
		{C7823350-985E-4542-BEA6-F63E0B67E151}.Release|Any CPU.Build.0 = Release|Any CPU
		{CD28A84E-9FFC-49A3-AB97-37FE667EAC93}.Debug|Any CPU.ActiveCfg = Debug|Any CPU
		{CD28A84E-9FFC-49A3-AB97-37FE667EAC93}.Debug|Any CPU.Build.0 = Debug|Any CPU
		{CD28A84E-9FFC-49A3-AB97-37FE667EAC93}.Release|Any CPU.ActiveCfg = Release|Any CPU
		{CD28A84E-9FFC-49A3-AB97-37FE667EAC93}.Release|Any CPU.Build.0 = Release|Any CPU
		{ADE21A0C-4795-4E38-8CD6-4F9612C6C3A1}.Debug|Any CPU.ActiveCfg = Debug|Any CPU
		{ADE21A0C-4795-4E38-8CD6-4F9612C6C3A1}.Debug|Any CPU.Build.0 = Debug|Any CPU
		{ADE21A0C-4795-4E38-8CD6-4F9612C6C3A1}.Release|Any CPU.ActiveCfg = Release|Any CPU
		{ADE21A0C-4795-4E38-8CD6-4F9612C6C3A1}.Release|Any CPU.Build.0 = Release|Any CPU
		{0F56EDA9-CF7F-4C49-A67B-3FCD434D4902}.Debug|Any CPU.ActiveCfg = Debug|Any CPU
		{0F56EDA9-CF7F-4C49-A67B-3FCD434D4902}.Debug|Any CPU.Build.0 = Debug|Any CPU
		{0F56EDA9-CF7F-4C49-A67B-3FCD434D4902}.Release|Any CPU.ActiveCfg = Release|Any CPU
		{0F56EDA9-CF7F-4C49-A67B-3FCD434D4902}.Release|Any CPU.Build.0 = Release|Any CPU
		{C58D3CCD-A0AE-4EDD-BEE2-59EC44079F62}.Debug|Any CPU.ActiveCfg = Debug|Any CPU
		{C58D3CCD-A0AE-4EDD-BEE2-59EC44079F62}.Debug|Any CPU.Build.0 = Debug|Any CPU
		{C58D3CCD-A0AE-4EDD-BEE2-59EC44079F62}.Release|Any CPU.ActiveCfg = Release|Any CPU
		{C58D3CCD-A0AE-4EDD-BEE2-59EC44079F62}.Release|Any CPU.Build.0 = Release|Any CPU
		{938CE787-23DA-43AC-A9BF-186BC048BED4}.Debug|Any CPU.ActiveCfg = Debug|Any CPU
		{938CE787-23DA-43AC-A9BF-186BC048BED4}.Debug|Any CPU.Build.0 = Debug|Any CPU
		{938CE787-23DA-43AC-A9BF-186BC048BED4}.Release|Any CPU.ActiveCfg = Release|Any CPU
		{938CE787-23DA-43AC-A9BF-186BC048BED4}.Release|Any CPU.Build.0 = Release|Any CPU
	EndGlobalSection
	GlobalSection(SolutionProperties) = preSolution
		HideSolutionNode = FALSE
	EndGlobalSection
	GlobalSection(NestedProjects) = preSolution
		{C58D3CCD-A0AE-4EDD-BEE2-59EC44079F62} = {4CFC7A8A-6B2E-466F-AF3E-F848EDD078A8}
		{938CE787-23DA-43AC-A9BF-186BC048BED4} = {4CFC7A8A-6B2E-466F-AF3E-F848EDD078A8}
	EndGlobalSection
EndGlobal
